
Microsoft Visual Studio Solution File, Format Version 12.00
# Visual Studio Version 17
VisualStudioVersion = 17.4.33103.184
MinimumVisualStudioVersion = 10.0.40219.1
Project("{FAE04EC0-301F-11D3-BF4B-00C04F79EFBC}") = "ej19-CountVowels", "ej19-CountVowels\ej19-CountVowels.csproj", "{92A4BB7D-BC4A-4CAB-A312-6060406576BC}"
EndProject
Global
	GlobalSection(SolutionConfigurationPlatforms) = preSolution
		Debug|Any CPU = Debug|Any CPU
		Release|Any CPU = Release|Any CPU
	EndGlobalSection
	GlobalSection(ProjectConfigurationPlatforms) = postSolution
		{92A4BB7D-BC4A-4CAB-A312-6060406576BC}.Debug|Any CPU.ActiveCfg = Debug|Any CPU
		{92A4BB7D-BC4A-4CAB-A312-6060406576BC}.Debug|Any CPU.Build.0 = Debug|Any CPU
		{92A4BB7D-BC4A-4CAB-A312-6060406576BC}.Release|Any CPU.ActiveCfg = Release|Any CPU
		{92A4BB7D-BC4A-4CAB-A312-6060406576BC}.Release|Any CPU.Build.0 = Release|Any CPU
	EndGlobalSection
	GlobalSection(SolutionProperties) = preSolution
		HideSolutionNode = FALSE
	EndGlobalSection
	GlobalSection(ExtensibilityGlobals) = postSolution
		SolutionGuid = {27255A4B-C27C-4C0D-BD90-3A15E389E881}
	EndGlobalSection
EndGlobal
