
Microsoft Visual Studio Solution File, Format Version 12.00
# Visual Studio Version 17
VisualStudioVersion = 17.4.33103.184
MinimumVisualStudioVersion = 10.0.40219.1
Project("{FAE04EC0-301F-11D3-BF4B-00C04F79EFBC}") = "8. CSharpFundamentals5", "8. CSharpFundamentals5\8. CSharpFundamentals5.csproj", "{B6364DB2-653B-493D-9E36-3D79BD18EF67}"
EndProject
Global
	GlobalSection(SolutionConfigurationPlatforms) = preSolution
		Debug|Any CPU = Debug|Any CPU
		Release|Any CPU = Release|Any CPU
	EndGlobalSection
	GlobalSection(ProjectConfigurationPlatforms) = postSolution
		{B6364DB2-653B-493D-9E36-3D79BD18EF67}.Debug|Any CPU.ActiveCfg = Debug|Any CPU
		{B6364DB2-653B-493D-9E36-3D79BD18EF67}.Debug|Any CPU.Build.0 = Debug|Any CPU
		{B6364DB2-653B-493D-9E36-3D79BD18EF67}.Release|Any CPU.ActiveCfg = Release|Any CPU
		{B6364DB2-653B-493D-9E36-3D79BD18EF67}.Release|Any CPU.Build.0 = Release|Any CPU
	EndGlobalSection
	GlobalSection(SolutionProperties) = preSolution
		HideSolutionNode = FALSE
	EndGlobalSection
	GlobalSection(ExtensibilityGlobals) = postSolution
		SolutionGuid = {FEB1E79B-07E7-4258-80DC-AD0E231A1A15}
	EndGlobalSection
EndGlobal
