
Microsoft Visual Studio Solution File, Format Version 12.00
# Visual Studio Version 17
VisualStudioVersion = 17.4.33103.184
MinimumVisualStudioVersion = 10.0.40219.1
Project("{FAE04EC0-301F-11D3-BF4B-00C04F79EFBC}") = "9. CSharpFundamentals6", "9. CSharpFundamentals6\9. CSharpFundamentals6.csproj", "{F926C4A4-40D2-4A07-A21D-86DEFFC166FC}"
EndProject
Global
	GlobalSection(SolutionConfigurationPlatforms) = preSolution
		Debug|Any CPU = Debug|Any CPU
		Release|Any CPU = Release|Any CPU
	EndGlobalSection
	GlobalSection(ProjectConfigurationPlatforms) = postSolution
		{F926C4A4-40D2-4A07-A21D-86DEFFC166FC}.Debug|Any CPU.ActiveCfg = Debug|Any CPU
		{F926C4A4-40D2-4A07-A21D-86DEFFC166FC}.Debug|Any CPU.Build.0 = Debug|Any CPU
		{F926C4A4-40D2-4A07-A21D-86DEFFC166FC}.Release|Any CPU.ActiveCfg = Release|Any CPU
		{F926C4A4-40D2-4A07-A21D-86DEFFC166FC}.Release|Any CPU.Build.0 = Release|Any CPU
	EndGlobalSection
	GlobalSection(SolutionProperties) = preSolution
		HideSolutionNode = FALSE
	EndGlobalSection
	GlobalSection(ExtensibilityGlobals) = postSolution
		SolutionGuid = {2031AA05-5C8C-4BD7-BC6D-F438CE9F8DD6}
	EndGlobalSection
EndGlobal
