
Microsoft Visual Studio Solution File, Format Version 12.00
# Visual Studio Version 17
VisualStudioVersion = 17.4.33103.184
MinimumVisualStudioVersion = 10.0.40219.1
Project("{FAE04EC0-301F-11D3-BF4B-00C04F79EFBC}") = "ej15-ConsecutiveNumbers", "ej15-ConsecutiveNumbers\ej15-ConsecutiveNumbers.csproj", "{C0FD1029-CC07-4CDD-94B5-0FD8F4421A1C}"
EndProject
Global
	GlobalSection(SolutionConfigurationPlatforms) = preSolution
		Debug|Any CPU = Debug|Any CPU
		Release|Any CPU = Release|Any CPU
	EndGlobalSection
	GlobalSection(ProjectConfigurationPlatforms) = postSolution
		{C0FD1029-CC07-4CDD-94B5-0FD8F4421A1C}.Debug|Any CPU.ActiveCfg = Debug|Any CPU
		{C0FD1029-CC07-4CDD-94B5-0FD8F4421A1C}.Debug|Any CPU.Build.0 = Debug|Any CPU
		{C0FD1029-CC07-4CDD-94B5-0FD8F4421A1C}.Release|Any CPU.ActiveCfg = Release|Any CPU
		{C0FD1029-CC07-4CDD-94B5-0FD8F4421A1C}.Release|Any CPU.Build.0 = Release|Any CPU
	EndGlobalSection
	GlobalSection(SolutionProperties) = preSolution
		HideSolutionNode = FALSE
	EndGlobalSection
	GlobalSection(ExtensibilityGlobals) = postSolution
		SolutionGuid = {FABD7E0F-3AB6-4A1E-8194-1B3CD4648C4E}
	EndGlobalSection
EndGlobal
