
Microsoft Visual Studio Solution File, Format Version 12.00
# Visual Studio Version 17
VisualStudioVersion = 17.4.33103.184
MinimumVisualStudioVersion = 10.0.40219.1
Project("{FAE04EC0-301F-11D3-BF4B-00C04F79EFBC}") = "ej12-SortFiveUniqueNumbers", "ej12-SortFiveUniqueNumbers\ej12-SortFiveUniqueNumbers.csproj", "{F52C4A0B-ACF3-453B-9B34-AB34A81C0ABE}"
EndProject
Global
	GlobalSection(SolutionConfigurationPlatforms) = preSolution
		Debug|Any CPU = Debug|Any CPU
		Release|Any CPU = Release|Any CPU
	EndGlobalSection
	GlobalSection(ProjectConfigurationPlatforms) = postSolution
		{F52C4A0B-ACF3-453B-9B34-AB34A81C0ABE}.Debug|Any CPU.ActiveCfg = Debug|Any CPU
		{F52C4A0B-ACF3-453B-9B34-AB34A81C0ABE}.Debug|Any CPU.Build.0 = Debug|Any CPU
		{F52C4A0B-ACF3-453B-9B34-AB34A81C0ABE}.Release|Any CPU.ActiveCfg = Release|Any CPU
		{F52C4A0B-ACF3-453B-9B34-AB34A81C0ABE}.Release|Any CPU.Build.0 = Release|Any CPU
	EndGlobalSection
	GlobalSection(SolutionProperties) = preSolution
		HideSolutionNode = FALSE
	EndGlobalSection
	GlobalSection(ExtensibilityGlobals) = postSolution
		SolutionGuid = {C98F92BA-9C24-4F05-B4E7-7B70D66D1C16}
	EndGlobalSection
EndGlobal
