
Microsoft Visual Studio Solution File, Format Version 12.00
# Visual Studio Version 17
VisualStudioVersion = 17.4.33103.184
MinimumVisualStudioVersion = 10.0.40219.1
Project("{FAE04EC0-301F-11D3-BF4B-00C04F79EFBC}") = "ej14-DisplayUniqueNumbers", "ej14-DisplayUniqueNumbers\ej14-DisplayUniqueNumbers.csproj", "{833AEED6-85DD-4EA1-AF9A-B1DED7C9F888}"
EndProject
Global
	GlobalSection(SolutionConfigurationPlatforms) = preSolution
		Debug|Any CPU = Debug|Any CPU
		Release|Any CPU = Release|Any CPU
	EndGlobalSection
	GlobalSection(ProjectConfigurationPlatforms) = postSolution
		{833AEED6-85DD-4EA1-AF9A-B1DED7C9F888}.Debug|Any CPU.ActiveCfg = Debug|Any CPU
		{833AEED6-85DD-4EA1-AF9A-B1DED7C9F888}.Debug|Any CPU.Build.0 = Debug|Any CPU
		{833AEED6-85DD-4EA1-AF9A-B1DED7C9F888}.Release|Any CPU.ActiveCfg = Release|Any CPU
		{833AEED6-85DD-4EA1-AF9A-B1DED7C9F888}.Release|Any CPU.Build.0 = Release|Any CPU
	EndGlobalSection
	GlobalSection(SolutionProperties) = preSolution
		HideSolutionNode = FALSE
	EndGlobalSection
	GlobalSection(ExtensibilityGlobals) = postSolution
		SolutionGuid = {257610D4-D881-4015-9B34-76FBDEE0BE80}
	EndGlobalSection
EndGlobal
