
Microsoft Visual Studio Solution File, Format Version 12.00
# Visual Studio Version 17
VisualStudioVersion = 17.4.33103.184
MinimumVisualStudioVersion = 10.0.40219.1
Project("{FAE04EC0-301F-11D3-BF4B-00C04F79EFBC}") = "ej8-GuessRandomNumber", "ej8-GuessRandomNumber\ej8-GuessRandomNumber.csproj", "{E90120BE-F3B0-4279-93B8-D026850F0219}"
EndProject
Global
	GlobalSection(SolutionConfigurationPlatforms) = preSolution
		Debug|Any CPU = Debug|Any CPU
		Release|Any CPU = Release|Any CPU
	EndGlobalSection
	GlobalSection(ProjectConfigurationPlatforms) = postSolution
		{E90120BE-F3B0-4279-93B8-D026850F0219}.Debug|Any CPU.ActiveCfg = Debug|Any CPU
		{E90120BE-F3B0-4279-93B8-D026850F0219}.Debug|Any CPU.Build.0 = Debug|Any CPU
		{E90120BE-F3B0-4279-93B8-D026850F0219}.Release|Any CPU.ActiveCfg = Release|Any CPU
		{E90120BE-F3B0-4279-93B8-D026850F0219}.Release|Any CPU.Build.0 = Release|Any CPU
	EndGlobalSection
	GlobalSection(SolutionProperties) = preSolution
		HideSolutionNode = FALSE
	EndGlobalSection
	GlobalSection(ExtensibilityGlobals) = postSolution
		SolutionGuid = {1284C17D-0AC4-40CC-8DA1-430D2915C19F}
	EndGlobalSection
EndGlobal
