
Microsoft Visual Studio Solution File, Format Version 12.00
# Visual Studio Version 17
VisualStudioVersion = 17.4.33103.184
MinimumVisualStudioVersion = 10.0.40219.1
Project("{FAE04EC0-301F-11D3-BF4B-00C04F79EFBC}") = "ej3-LandscapePortraitImage", "ej3-LandscapePortraitImage\ej3-LandscapePortraitImage.csproj", "{D42530E3-41F0-48FA-B6EF-A6E6E1E29515}"
EndProject
Global
	GlobalSection(SolutionConfigurationPlatforms) = preSolution
		Debug|Any CPU = Debug|Any CPU
		Release|Any CPU = Release|Any CPU
	EndGlobalSection
	GlobalSection(ProjectConfigurationPlatforms) = postSolution
		{D42530E3-41F0-48FA-B6EF-A6E6E1E29515}.Debug|Any CPU.ActiveCfg = Debug|Any CPU
		{D42530E3-41F0-48FA-B6EF-A6E6E1E29515}.Debug|Any CPU.Build.0 = Debug|Any CPU
		{D42530E3-41F0-48FA-B6EF-A6E6E1E29515}.Release|Any CPU.ActiveCfg = Release|Any CPU
		{D42530E3-41F0-48FA-B6EF-A6E6E1E29515}.Release|Any CPU.Build.0 = Release|Any CPU
	EndGlobalSection
	GlobalSection(SolutionProperties) = preSolution
		HideSolutionNode = FALSE
	EndGlobalSection
	GlobalSection(ExtensibilityGlobals) = postSolution
		SolutionGuid = {8C0715A6-1C30-4B34-B6DC-D8686F7AD25C}
	EndGlobalSection
EndGlobal
